// !$*UTF8*$!
{
	archiveVersion = 1;
	classes = {
	};
	objectVersion = 56;
	objects = {

/* Begin PBXBuildFile section */
		2ADD4FE52A48583F0088666A /* AppDelegate.swift in Sources */ = {isa = PBXBuildFile; fileRef = 2ADD4FE42A48583F0088666A /* AppDelegate.swift */; };
		2ADD4FE72A48583F0088666A /* SceneDelegate.swift in Sources */ = {isa = PBXBuildFile; fileRef = 2ADD4FE62A48583F0088666A /* SceneDelegate.swift */; };
		2ADD4FE92A48583F0088666A /* MainViewController.swift in Sources */ = {isa = PBXBuildFile; fileRef = 2ADD4FE82A48583F0088666A /* MainViewController.swift */; };
		2ADD4FEC2A48583F0088666A /* Main.storyboard in Resources */ = {isa = PBXBuildFile; fileRef = 2ADD4FEA2A48583F0088666A /* Main.storyboard */; };
		2ADD4FEE2A4858410088666A /* Assets.xcassets in Resources */ = {isa = PBXBuildFile; fileRef = 2ADD4FED2A4858410088666A /* Assets.xcassets */; };
		2ADD4FF12A4858410088666A /* LaunchScreen.storyboard in Resources */ = {isa = PBXBuildFile; fileRef = 2ADD4FEF2A4858410088666A /* LaunchScreen.storyboard */; };
		2ADD4FFA2A4858CD0088666A /* SnapKit in Frameworks */ = {isa = PBXBuildFile; productRef = 2ADD4FF92A4858CD0088666A /* SnapKit */; };
		2ADD4FFC2A485D530088666A /* CustomTableViewCell.swift in Sources */ = {isa = PBXBuildFile; fileRef = 2ADD4FFB2A485D530088666A /* CustomTableViewCell.swift */; };
		2ADD4FFE2A485DCC0088666A /* ProductsModel.swift in Sources */ = {isa = PBXBuildFile; fileRef = 2ADD4FFD2A485DCC0088666A /* ProductsModel.swift */; };
		2ADD50002A4882130088666A /* ApiManager.swift in Sources */ = {isa = PBXBuildFile; fileRef = 2ADD4FFF2A4882130088666A /* ApiManager.swift */; };
		2ADD50032A489C800088666A /* Kingfisher in Frameworks */ = {isa = PBXBuildFile; productRef = 2ADD50022A489C7F0088666A /* Kingfisher */; };
		2ADD50072A48A5DE0088666A /* DetalisViewController.swift in Sources */ = {isa = PBXBuildFile; fileRef = 2ADD50062A48A5DE0088666A /* DetalisViewController.swift */; };
/* End PBXBuildFile section */

/* Begin PBXFileReference section */
		2ADD4FE12A48583F0088666A /* 4m.1-2d.app */ = {isa = PBXFileReference; explicitFileType = wrapper.application; includeInIndex = 0; path = "4m.1-2d.app"; sourceTree = BUILT_PRODUCTS_DIR; };
		2ADD4FE42A48583F0088666A /* AppDelegate.swift */ = {isa = PBXFileReference; lastKnownFileType = sourcecode.swift; path = AppDelegate.swift; sourceTree = "<group>"; };
		2ADD4FE62A48583F0088666A /* SceneDelegate.swift */ = {isa = PBXFileReference; lastKnownFileType = sourcecode.swift; path = SceneDelegate.swift; sourceTree = "<group>"; };
		2ADD4FE82A48583F0088666A /* MainViewController.swift */ = {isa = PBXFileReference; lastKnownFileType = sourcecode.swift; path = MainViewController.swift; sourceTree = "<group>"; };
		2ADD4FEB2A48583F0088666A /* Base */ = {isa = PBXFileReference; lastKnownFileType = file.storyboard; name = Base; path = Base.lproj/Main.storyboard; sourceTree = "<group>"; };
		2ADD4FED2A4858410088666A /* Assets.xcassets */ = {isa = PBXFileReference; lastKnownFileType = folder.assetcatalog; path = Assets.xcassets; sourceTree = "<group>"; };
		2ADD4FF02A4858410088666A /* Base */ = {isa = PBXFileReference; lastKnownFileType = file.storyboard; name = Base; path = Base.lproj/LaunchScreen.storyboard; sourceTree = "<group>"; };
		2ADD4FF22A4858410088666A /* Info.plist */ = {isa = PBXFileReference; lastKnownFileType = text.plist.xml; path = Info.plist; sourceTree = "<group>"; };
		2ADD4FFB2A485D530088666A /* CustomTableViewCell.swift */ = {isa = PBXFileReference; lastKnownFileType = sourcecode.swift; path = CustomTableViewCell.swift; sourceTree = "<group>"; };
		2ADD4FFD2A485DCC0088666A /* ProductsModel.swift */ = {isa = PBXFileReference; lastKnownFileType = sourcecode.swift; path = ProductsModel.swift; sourceTree = "<group>"; };
		2ADD4FFF2A4882130088666A /* ApiManager.swift */ = {isa = PBXFileReference; lastKnownFileType = sourcecode.swift; path = ApiManager.swift; sourceTree = "<group>"; };
		2ADD50062A48A5DE0088666A /* DetalisViewController.swift */ = {isa = PBXFileReference; lastKnownFileType = sourcecode.swift; path = DetalisViewController.swift; sourceTree = "<group>"; };
/* End PBXFileReference section */

/* Begin PBXFrameworksBuildPhase section */
		2ADD4FDE2A48583F0088666A /* Frameworks */ = {
			isa = PBXFrameworksBuildPhase;
			buildActionMask = 2147483647;
			files = (
				2ADD50032A489C800088666A /* Kingfisher in Frameworks */,
				2ADD4FFA2A4858CD0088666A /* SnapKit in Frameworks */,
			);
			runOnlyForDeploymentPostprocessing = 0;
		};
/* End PBXFrameworksBuildPhase section */

/* Begin PBXGroup section */
		2ADD4FD82A48583F0088666A = {
			isa = PBXGroup;
			children = (
				2ADD4FE32A48583F0088666A /* 4m.1-2d */,
				2ADD4FE22A48583F0088666A /* Products */,
			);
			sourceTree = "<group>";
		};
		2ADD4FE22A48583F0088666A /* Products */ = {
			isa = PBXGroup;
			children = (
				2ADD4FE12A48583F0088666A /* 4m.1-2d.app */,
			);
			name = Products;
			sourceTree = "<group>";
		};
		2ADD4FE32A48583F0088666A /* 4m.1-2d */ = {
			isa = PBXGroup;
			children = (
				2ADD4FFD2A485DCC0088666A /* ProductsModel.swift */,
				2ADD4FFF2A4882130088666A /* ApiManager.swift */,
				2ADD4FE42A48583F0088666A /* AppDelegate.swift */,
				2ADD4FE62A48583F0088666A /* SceneDelegate.swift */,
				2ADD4FE82A48583F0088666A /* MainViewController.swift */,
				2ADD50062A48A5DE0088666A /* DetalisViewController.swift */,
				2ADD4FEA2A48583F0088666A /* Main.storyboard */,
				2ADD4FED2A4858410088666A /* Assets.xcassets */,
				2ADD4FEF2A4858410088666A /* LaunchScreen.storyboard */,
				2ADD4FF22A4858410088666A /* Info.plist */,
				2ADD4FFB2A485D530088666A /* CustomTableViewCell.swift */,
			);
			path = "4m.1-2d";
			sourceTree = "<group>";
		};
/* End PBXGroup section */

/* Begin PBXNativeTarget section */
		2ADD4FE02A48583F0088666A /* 4m.1-2d */ = {
			isa = PBXNativeTarget;
			buildConfigurationList = 2ADD4FF52A4858410088666A /* Build configuration list for PBXNativeTarget "4m.1-2d" */;
			buildPhases = (
				2ADD4FDD2A48583F0088666A /* Sources */,
				2ADD4FDE2A48583F0088666A /* Frameworks */,
				2ADD4FDF2A48583F0088666A /* Resources */,
			);
			buildRules = (
			);
			dependencies = (
			);
			name = "4m.1-2d";
			packageProductDependencies = (
				2ADD4FF92A4858CD0088666A /* SnapKit */,
				2ADD50022A489C7F0088666A /* Kingfisher */,
			);
			productName = 4m.1d;
			productReference = 2ADD4FE12A48583F0088666A /* 4m.1-2d.app */;
			productType = "com.apple.product-type.application";
		};
/* End PBXNativeTarget section */

/* Begin PBXProject section */
		2ADD4FD92A48583F0088666A /* Project object */ = {
			isa = PBXProject;
			attributes = {
				BuildIndependentTargetsInParallel = 1;
				LastSwiftUpdateCheck = 1420;
				LastUpgradeCheck = 1420;
				TargetAttributes = {
					2ADD4FE02A48583F0088666A = {
						CreatedOnToolsVersion = 14.2;
					};
				};
			};
			buildConfigurationList = 2ADD4FDC2A48583F0088666A /* Build configuration list for PBXProject "4m.1-2d" */;
			compatibilityVersion = "Xcode 14.0";
			developmentRegion = en;
			hasScannedForEncodings = 0;
			knownRegions = (
				en,
				Base,
			);
			mainGroup = 2ADD4FD82A48583F0088666A;
			packageReferences = (
				2ADD4FF82A4858CD0088666A /* XCRemoteSwiftPackageReference "SnapKit" */,
				2ADD50012A489C7F0088666A /* XCRemoteSwiftPackageReference "Kingfisher" */,
			);
			productRefGroup = 2ADD4FE22A48583F0088666A /* Products */;
			projectDirPath = "";
			projectRoot = "";
			targets = (
				2ADD4FE02A48583F0088666A /* 4m.1-2d */,
			);
		};
/* End PBXProject section */

/* Begin PBXResourcesBuildPhase section */
		2ADD4FDF2A48583F0088666A /* Resources */ = {
			isa = PBXResourcesBuildPhase;
			buildActionMask = 2147483647;
			files = (
				2ADD4FF12A4858410088666A /* LaunchScreen.storyboard in Resources */,
				2ADD4FEE2A4858410088666A /* Assets.xcassets in Resources */,
				2ADD4FEC2A48583F0088666A /* Main.storyboard in Resources */,
			);
			runOnlyForDeploymentPostprocessing = 0;
		};
/* End PBXResourcesBuildPhase section */

/* Begin PBXSourcesBuildPhase section */
		2ADD4FDD2A48583F0088666A /* Sources */ = {
			isa = PBXSourcesBuildPhase;
			buildActionMask = 2147483647;
			files = (
				2ADD4FE92A48583F0088666A /* MainViewController.swift in Sources */,
				2ADD4FFE2A485DCC0088666A /* ProductsModel.swift in Sources */,
				2ADD4FE52A48583F0088666A /* AppDelegate.swift in Sources */,
				2ADD4FFC2A485D530088666A /* CustomTableViewCell.swift in Sources */,
				2ADD50002A4882130088666A /* ApiManager.swift in Sources */,
				2ADD4FE72A48583F0088666A /* SceneDelegate.swift in Sources */,
				2ADD50072A48A5DE0088666A /* DetalisViewController.swift in Sources */,
			);
			runOnlyForDeploymentPostprocessing = 0;
		};
/* End PBXSourcesBuildPhase section */

/* Begin PBXVariantGroup section */
		2ADD4FEA2A48583F0088666A /* Main.storyboard */ = {
			isa = PBXVariantGroup;
			children = (
				2ADD4FEB2A48583F0088666A /* Base */,
			);
			name = Main.storyboard;
			sourceTree = "<group>";
		};
		2ADD4FEF2A4858410088666A /* LaunchScreen.storyboard */ = {
			isa = PBXVariantGroup;
			children = (
				2ADD4FF02A4858410088666A /* Base */,
			);
			name = LaunchScreen.storyboard;
			sourceTree = "<group>";
		};
/* End PBXVariantGroup section */

/* Begin XCBuildConfiguration section */
		2ADD4FF32A4858410088666A /* Debug */ = {
			isa = XCBuildConfiguration;
			buildSettings = {
				ALWAYS_SEARCH_USER_PATHS = NO;
				CLANG_ANALYZER_NONNULL = YES;
				CLANG_ANALYZER_NUMBER_OBJECT_CONVERSION = YES_AGGRESSIVE;
				CLANG_CXX_LANGUAGE_STANDARD = "gnu++20";
				CLANG_ENABLE_MODULES = YES;
				CLANG_ENABLE_OBJC_ARC = YES;
				CLANG_ENABLE_OBJC_WEAK = YES;
				CLANG_WARN_BLOCK_CAPTURE_AUTORELEASING = YES;
				CLANG_WARN_BOOL_CONVERSION = YES;
				CLANG_WARN_COMMA = YES;
				CLANG_WARN_CONSTANT_CONVERSION = YES;
				CLANG_WARN_DEPRECATED_OBJC_IMPLEMENTATIONS = YES;
				CLANG_WARN_DIRECT_OBJC_ISA_USAGE = YES_ERROR;
				CLANG_WARN_DOCUMENTATION_COMMENTS = YES;
				CLANG_WARN_EMPTY_BODY = YES;
				CLANG_WARN_ENUM_CONVERSION = YES;
				CLANG_WARN_INFINITE_RECURSION = YES;
				CLANG_WARN_INT_CONVERSION = YES;
				CLANG_WARN_NON_LITERAL_NULL_CONVERSION = YES;
				CLANG_WARN_OBJC_IMPLICIT_RETAIN_SELF = YES;
				CLANG_WARN_OBJC_LITERAL_CONVERSION = YES;
				CLANG_WARN_OBJC_ROOT_CLASS = YES_ERROR;
				CLANG_WARN_QUOTED_INCLUDE_IN_FRAMEWORK_HEADER = YES;
				CLANG_WARN_RANGE_LOOP_ANALYSIS = YES;
				CLANG_WARN_STRICT_PROTOTYPES = YES;
				CLANG_WARN_SUSPICIOUS_MOVE = YES;
				CLANG_WARN_UNGUARDED_AVAILABILITY = YES_AGGRESSIVE;
				CLANG_WARN_UNREACHABLE_CODE = YES;
				CLANG_WARN__DUPLICATE_METHOD_MATCH = YES;
				COPY_PHASE_STRIP = NO;
				DEBUG_INFORMATION_FORMAT = dwarf;
				ENABLE_STRICT_OBJC_MSGSEND = YES;
				ENABLE_TESTABILITY = YES;
				GCC_C_LANGUAGE_STANDARD = gnu11;
				GCC_DYNAMIC_NO_PIC = NO;
				GCC_NO_COMMON_BLOCKS = YES;
				GCC_OPTIMIZATION_LEVEL = 0;
				GCC_PREPROCESSOR_DEFINITIONS = (
					"DEBUG=1",
					"$(inherited)",
				);
				GCC_WARN_64_TO_32_BIT_CONVERSION = YES;
				GCC_WARN_ABOUT_RETURN_TYPE = YES_ERROR;
				GCC_WARN_UNDECLARED_SELECTOR = YES;
				GCC_WARN_UNINITIALIZED_AUTOS = YES_AGGRESSIVE;
				GCC_WARN_UNUSED_FUNCTION = YES;
				GCC_WARN_UNUSED_VARIABLE = YES;
				IPHONEOS_DEPLOYMENT_TARGET = 16.2;
				MTL_ENABLE_DEBUG_INFO = INCLUDE_SOURCE;
				MTL_FAST_MATH = YES;
				ONLY_ACTIVE_ARCH = YES;
				SDKROOT = iphoneos;
				SWIFT_ACTIVE_COMPILATION_CONDITIONS = DEBUG;
				SWIFT_OPTIMIZATION_LEVEL = "-Onone";
			};
			name = Debug;
		};
		2ADD4FF42A4858410088666A /* Release */ = {
			isa = XCBuildConfiguration;
			buildSettings = {
				ALWAYS_SEARCH_USER_PATHS = NO;
				CLANG_ANALYZER_NONNULL = YES;
				CLANG_ANALYZER_NUMBER_OBJECT_CONVERSION = YES_AGGRESSIVE;
				CLANG_CXX_LANGUAGE_STANDARD = "gnu++20";
				CLANG_ENABLE_MODULES = YES;
				CLANG_ENABLE_OBJC_ARC = YES;
				CLANG_ENABLE_OBJC_WEAK = YES;
				CLANG_WARN_BLOCK_CAPTURE_AUTORELEASING = YES;
				CLANG_WARN_BOOL_CONVERSION = YES;
				CLANG_WARN_COMMA = YES;
				CLANG_WARN_CONSTANT_CONVERSION = YES;
				CLANG_WARN_DEPRECATED_OBJC_IMPLEMENTATIONS = YES;
				CLANG_WARN_DIRECT_OBJC_ISA_USAGE = YES_ERROR;
				CLANG_WARN_DOCUMENTATION_COMMENTS = YES;
				CLANG_WARN_EMPTY_BODY = YES;
				CLANG_WARN_ENUM_CONVERSION = YES;
				CLANG_WARN_INFINITE_RECURSION = YES;
				CLANG_WARN_INT_CONVERSION = YES;
				CLANG_WARN_NON_LITERAL_NULL_CONVERSION = YES;
				CLANG_WARN_OBJC_IMPLICIT_RETAIN_SELF = YES;
				CLANG_WARN_OBJC_LITERAL_CONVERSION = YES;
				CLANG_WARN_OBJC_ROOT_CLASS = YES_ERROR;
				CLANG_WARN_QUOTED_INCLUDE_IN_FRAMEWORK_HEADER = YES;
				CLANG_WARN_RANGE_LOOP_ANALYSIS = YES;
				CLANG_WARN_STRICT_PROTOTYPES = YES;
				CLANG_WARN_SUSPICIOUS_MOVE = YES;
				CLANG_WARN_UNGUARDED_AVAILABILITY = YES_AGGRESSIVE;
				CLANG_WARN_UNREACHABLE_CODE = YES;
				CLANG_WARN__DUPLICATE_METHOD_MATCH = YES;
				COPY_PHASE_STRIP = NO;
				DEBUG_INFORMATION_FORMAT = "dwarf-with-dsym";
				ENABLE_NS_ASSERTIONS = NO;
				ENABLE_STRICT_OBJC_MSGSEND = YES;
				GCC_C_LANGUAGE_STANDARD = gnu11;
				GCC_NO_COMMON_BLOCKS = YES;
				GCC_WARN_64_TO_32_BIT_CONVERSION = YES;
				GCC_WARN_ABOUT_RETURN_TYPE = YES_ERROR;
				GCC_WARN_UNDECLARED_SELECTOR = YES;
				GCC_WARN_UNINITIALIZED_AUTOS = YES_AGGRESSIVE;
				GCC_WARN_UNUSED_FUNCTION = YES;
				GCC_WARN_UNUSED_VARIABLE = YES;
				IPHONEOS_DEPLOYMENT_TARGET = 16.2;
				MTL_ENABLE_DEBUG_INFO = NO;
				MTL_FAST_MATH = YES;
				SDKROOT = iphoneos;
				SWIFT_COMPILATION_MODE = wholemodule;
				SWIFT_OPTIMIZATION_LEVEL = "-O";
				VALIDATE_PRODUCT = YES;
			};
			name = Release;
		};
		2ADD4FF62A4858410088666A /* Debug */ = {
			isa = XCBuildConfiguration;
			buildSettings = {
				ASSETCATALOG_COMPILER_APPICON_NAME = AppIcon;
				ASSETCATALOG_COMPILER_GLOBAL_ACCENT_COLOR_NAME = AccentColor;
				CODE_SIGN_STYLE = Automatic;
				CURRENT_PROJECT_VERSION = 1;
				GENERATE_INFOPLIST_FILE = YES;
				INFOPLIST_FILE = "4m.1-2d/Info.plist";
				INFOPLIST_KEY_UIApplicationSupportsIndirectInputEvents = YES;
				INFOPLIST_KEY_UILaunchStoryboardName = LaunchScreen;
				INFOPLIST_KEY_UIMainStoryboardFile = Main;
				INFOPLIST_KEY_UISupportedInterfaceOrientations_iPad = "UIInterfaceOrientationPortrait UIInterfaceOrientationPortraitUpsideDown UIInterfaceOrientationLandscapeLeft UIInterfaceOrientationLandscapeRight";
				INFOPLIST_KEY_UISupportedInterfaceOrientations_iPhone = "UIInterfaceOrientationPortrait UIInterfaceOrientationLandscapeLeft UIInterfaceOrientationLandscapeRight";
				LD_RUNPATH_SEARCH_PATHS = (
					"$(inherited)",
					"@executable_path/Frameworks",
				);
				MARKETING_VERSION = 1.0;
				PRODUCT_BUNDLE_IDENTIFIER = "-23.-m-1d";
				PRODUCT_NAME = "$(TARGET_NAME)";
				SWIFT_EMIT_LOC_STRINGS = YES;
				SWIFT_VERSION = 5.0;
				TARGETED_DEVICE_FAMILY = "1,2";
			};
			name = Debug;
		};
		2ADD4FF72A4858410088666A /* Release */ = {
			isa = XCBuildConfiguration;
			buildSettings = {
				ASSETCATALOG_COMPILER_APPICON_NAME = AppIcon;
				ASSETCATALOG_COMPILER_GLOBAL_ACCENT_COLOR_NAME = AccentColor;
				CODE_SIGN_STYLE = Automatic;
				CURRENT_PROJECT_VERSION = 1;
				GENERATE_INFOPLIST_FILE = YES;
				INFOPLIST_FILE = "4m.1-2d/Info.plist";
				INFOPLIST_KEY_UIApplicationSupportsIndirectInputEvents = YES;
				INFOPLIST_KEY_UILaunchStoryboardName = LaunchScreen;
				INFOPLIST_KEY_UIMainStoryboardFile = Main;
				INFOPLIST_KEY_UISupportedInterfaceOrientations_iPad = "UIInterfaceOrientationPortrait UIInterfaceOrientationPortraitUpsideDown UIInterfaceOrientationLandscapeLeft UIInterfaceOrientationLandscapeRight";
				INFOPLIST_KEY_UISupportedInterfaceOrientations_iPhone = "UIInterfaceOrientationPortrait UIInterfaceOrientationLandscapeLeft UIInterfaceOrientationLandscapeRight";
				LD_RUNPATH_SEARCH_PATHS = (
					"$(inherited)",
					"@executable_path/Frameworks",
				);
				MARKETING_VERSION = 1.0;
				PRODUCT_BUNDLE_IDENTIFIER = "-23.-m-1d";
				PRODUCT_NAME = "$(TARGET_NAME)";
				SWIFT_EMIT_LOC_STRINGS = YES;
				SWIFT_VERSION = 5.0;
				TARGETED_DEVICE_FAMILY = "1,2";
			};
			name = Release;
		};
/* End XCBuildConfiguration section */

/* Begin XCConfigurationList section */
		2ADD4FDC2A48583F0088666A /* Build configuration list for PBXProject "4m.1-2d" */ = {
			isa = XCConfigurationList;
			buildConfigurations = (
				2ADD4FF32A4858410088666A /* Debug */,
				2ADD4FF42A4858410088666A /* Release */,
			);
			defaultConfigurationIsVisible = 0;
			defaultConfigurationName = Release;
		};
		2ADD4FF52A4858410088666A /* Build configuration list for PBXNativeTarget "4m.1-2d" */ = {
			isa = XCConfigurationList;
			buildConfigurations = (
				2ADD4FF62A4858410088666A /* Debug */,
				2ADD4FF72A4858410088666A /* Release */,
			);
			defaultConfigurationIsVisible = 0;
			defaultConfigurationName = Release;
		};
/* End XCConfigurationList section */

/* Begin XCRemoteSwiftPackageReference section */
		2ADD4FF82A4858CD0088666A /* XCRemoteSwiftPackageReference "SnapKit" */ = {
			isa = XCRemoteSwiftPackageReference;
			repositoryURL = "https://github.com/SnapKit/SnapKit.git";
			requirement = {
				branch = develop;
				kind = branch;
			};
		};
		2ADD50012A489C7F0088666A /* XCRemoteSwiftPackageReference "Kingfisher" */ = {
			isa = XCRemoteSwiftPackageReference;
			repositoryURL = "https://github.com/onevcat/Kingfisher.git";
			requirement = {
				branch = master;
				kind = branch;
			};
		};
/* End XCRemoteSwiftPackageReference section */

/* Begin XCSwiftPackageProductDependency section */
		2ADD4FF92A4858CD0088666A /* SnapKit */ = {
			isa = XCSwiftPackageProductDependency;
			package = 2ADD4FF82A4858CD0088666A /* XCRemoteSwiftPackageReference "SnapKit" */;
			productName = SnapKit;
		};
		2ADD50022A489C7F0088666A /* Kingfisher */ = {
			isa = XCSwiftPackageProductDependency;
			package = 2ADD50012A489C7F0088666A /* XCRemoteSwiftPackageReference "Kingfisher" */;
			productName = Kingfisher;
		};
/* End XCSwiftPackageProductDependency section */
	};
	rootObject = 2ADD4FD92A48583F0088666A /* Project object */;
}
